
Microsoft Visual Studio Solution File, Format Version 12.00
# Visual Studio Version 17
VisualStudioVersion = 17.8.34408.163
MinimumVisualStudioVersion = 10.0.40219.1
Project("{FAE04EC0-301F-11D3-BF4B-00C04F79EFBC}") = "DepartApi", "DepartApi\DepartApi.csproj", "{4C8809C0-0BA3-4335-9197-E82676CDC30C}"
EndProject
Global
	GlobalSection(SolutionConfigurationPlatforms) = preSolution
		Debug|Any CPU = Debug|Any CPU
		Release|Any CPU = Release|Any CPU
	EndGlobalSection
	GlobalSection(ProjectConfigurationPlatforms) = postSolution
		{4C8809C0-0BA3-4335-9197-E82676CDC30C}.Debug|Any CPU.ActiveCfg = Debug|Any CPU
		{4C8809C0-0BA3-4335-9197-E82676CDC30C}.Debug|Any CPU.Build.0 = Debug|Any CPU
		{4C8809C0-0BA3-4335-9197-E82676CDC30C}.Release|Any CPU.ActiveCfg = Release|Any CPU
		{4C8809C0-0BA3-4335-9197-E82676CDC30C}.Release|Any CPU.Build.0 = Release|Any CPU
	EndGlobalSection
	GlobalSection(SolutionProperties) = preSolution
		HideSolutionNode = FALSE
	EndGlobalSection
	GlobalSection(ExtensibilityGlobals) = postSolution
		SolutionGuid = {7F866DA1-C2F0-45C9-9C74-0E2A367FE91D}
	EndGlobalSection
EndGlobal
